
Microsoft Visual Studio Solution File, Format Version 12.00
# Visual Studio 15
VisualStudioVersion = 15.0.28010.2046
MinimumVisualStudioVersion = 10.0.40219.1
Project("{FAE04EC0-301F-11D3-BF4B-00C04F79EFBC}") = "WebDemoHangfire", "WebDemoHangfire\WebDemoHangfire.csproj", "{CAB081F0-3488-4BA4-9614-39F8DC460FB2}"
EndProject
Global
	GlobalSection(SolutionConfigurationPlatforms) = preSolution
		Debug|Any CPU = Debug|Any CPU
		Release|Any CPU = Release|Any CPU
	EndGlobalSection
	GlobalSection(ProjectConfigurationPlatforms) = postSolution
		{CAB081F0-3488-4BA4-9614-39F8DC460FB2}.Debug|Any CPU.ActiveCfg = Debug|Any CPU
		{CAB081F0-3488-4BA4-9614-39F8DC460FB2}.Debug|Any CPU.Build.0 = Debug|Any CPU
		{CAB081F0-3488-4BA4-9614-39F8DC460FB2}.Release|Any CPU.ActiveCfg = Release|Any CPU
		{CAB081F0-3488-4BA4-9614-39F8DC460FB2}.Release|Any CPU.Build.0 = Release|Any CPU
	EndGlobalSection
	GlobalSection(SolutionProperties) = preSolution
		HideSolutionNode = FALSE
	EndGlobalSection
	GlobalSection(ExtensibilityGlobals) = postSolution
		SolutionGuid = {437B4977-E36B-461B-9A34-3D8F3BD1F8B1}
	EndGlobalSection
EndGlobal
